
Microsoft Visual Studio Solution File, Format Version 12.00
# Visual Studio 15
VisualStudioVersion = 15.0.28307.757
MinimumVisualStudioVersion = 10.0.40219.1
Project("{FAE04EC0-301F-11D3-BF4B-00C04F79EFBC}") = "SE Assignment", "SE Assignment\SE Assignment.csproj", "{F39BF4E9-56E4-42FB-BDC8-ADE7B18740EB}"
EndProject
Global
	GlobalSection(SolutionConfigurationPlatforms) = preSolution
		Debug|Any CPU = Debug|Any CPU
		Release|Any CPU = Release|Any CPU
	EndGlobalSection
	GlobalSection(ProjectConfigurationPlatforms) = postSolution
		{F39BF4E9-56E4-42FB-BDC8-ADE7B18740EB}.Debug|Any CPU.ActiveCfg = Debug|Any CPU
		{F39BF4E9-56E4-42FB-BDC8-ADE7B18740EB}.Debug|Any CPU.Build.0 = Debug|Any CPU
		{F39BF4E9-56E4-42FB-BDC8-ADE7B18740EB}.Release|Any CPU.ActiveCfg = Release|Any CPU
		{F39BF4E9-56E4-42FB-BDC8-ADE7B18740EB}.Release|Any CPU.Build.0 = Release|Any CPU
	EndGlobalSection
	GlobalSection(SolutionProperties) = preSolution
		HideSolutionNode = FALSE
	EndGlobalSection
	GlobalSection(ExtensibilityGlobals) = postSolution
		SolutionGuid = {AF0986F6-5F30-4CF1-9763-30059E588128}
	EndGlobalSection
EndGlobal
